
Microsoft Visual Studio Solution File, Format Version 12.00
# Visual Studio Version 17
VisualStudioVersion = 17.4.33213.308
MinimumVisualStudioVersion = 10.0.40219.1
Project("{8BC9CEB8-8B4A-11D0-8D11-00A0C91BC942}") = "jammy", "jammy.vcxproj", "{298840AD-7B96-49C8-AC03-6F4670D46D79}"
EndProject
Project("{8BC9CEB8-8B4A-11D0-8D11-00A0C91BC942}") = "anim_tool", "..\anim_tool\anim_tool.vcxproj", "{49A63F6C-A969-40E4-9D25-FF42B86F6E0A}"
EndProject
Global
	GlobalSection(SolutionConfigurationPlatforms) = preSolution
		Debug|x64 = Debug|x64
		Debug|x86 = Debug|x86
		Release|x64 = Release|x64
		Release|x86 = Release|x86
	EndGlobalSection
	GlobalSection(ProjectConfigurationPlatforms) = postSolution
		{298840AD-7B96-49C8-AC03-6F4670D46D79}.Debug|x64.ActiveCfg = Debug|x64
		{298840AD-7B96-49C8-AC03-6F4670D46D79}.Debug|x64.Build.0 = Debug|x64
		{298840AD-7B96-49C8-AC03-6F4670D46D79}.Debug|x86.ActiveCfg = Debug|Win32
		{298840AD-7B96-49C8-AC03-6F4670D46D79}.Debug|x86.Build.0 = Debug|Win32
		{298840AD-7B96-49C8-AC03-6F4670D46D79}.Release|x64.ActiveCfg = Release|x64
		{298840AD-7B96-49C8-AC03-6F4670D46D79}.Release|x64.Build.0 = Release|x64
		{298840AD-7B96-49C8-AC03-6F4670D46D79}.Release|x86.ActiveCfg = Release|Win32
		{298840AD-7B96-49C8-AC03-6F4670D46D79}.Release|x86.Build.0 = Release|Win32
		{49A63F6C-A969-40E4-9D25-FF42B86F6E0A}.Debug|x64.ActiveCfg = Debug|x64
		{49A63F6C-A969-40E4-9D25-FF42B86F6E0A}.Debug|x64.Build.0 = Debug|x64
		{49A63F6C-A969-40E4-9D25-FF42B86F6E0A}.Debug|x86.ActiveCfg = Debug|Win32
		{49A63F6C-A969-40E4-9D25-FF42B86F6E0A}.Debug|x86.Build.0 = Debug|Win32
		{49A63F6C-A969-40E4-9D25-FF42B86F6E0A}.Release|x64.ActiveCfg = Release|x64
		{49A63F6C-A969-40E4-9D25-FF42B86F6E0A}.Release|x64.Build.0 = Release|x64
		{49A63F6C-A969-40E4-9D25-FF42B86F6E0A}.Release|x86.ActiveCfg = Release|Win32
		{49A63F6C-A969-40E4-9D25-FF42B86F6E0A}.Release|x86.Build.0 = Release|Win32
	EndGlobalSection
	GlobalSection(SolutionProperties) = preSolution
		HideSolutionNode = FALSE
	EndGlobalSection
	GlobalSection(ExtensibilityGlobals) = postSolution
		SolutionGuid = {D7E54D2A-E91C-41E5-8F2A-EDFCBD49D1A9}
	EndGlobalSection
EndGlobal
